// !$*UTF8*$!
{
	archiveVersion = 1;
	classes = {
	};
	objectVersion = 56;
	objects = {

/* Begin PBXBuildFile section */
		5FA34AB32C2205AF0072D32D /* ToDoListApp.swift in Sources */ = {isa = PBXBuildFile; fileRef = 5FA34AB22C2205AF0072D32D /* ToDoListApp.swift */; };
		5FA34AB52C2205AF0072D32D /* MainView.swift in Sources */ = {isa = PBXBuildFile; fileRef = 5FA34AB42C2205AF0072D32D /* MainView.swift */; };
		5FA34AB72C2205AF0072D32D /* Assets.xcassets in Resources */ = {isa = PBXBuildFile; fileRef = 5FA34AB62C2205AF0072D32D /* Assets.xcassets */; };
		5FA34ABA2C2205AF0072D32D /* Preview Assets.xcassets in Resources */ = {isa = PBXBuildFile; fileRef = 5FA34AB92C2205AF0072D32D /* Preview Assets.xcassets */; };
		5FA34AC22C2208D60072D32D /* FirebaseAuth in Frameworks */ = {isa = PBXBuildFile; productRef = 5FA34AC12C2208D60072D32D /* FirebaseAuth */; };
		5FA34AC42C2208D60072D32D /* FirebaseFirestore in Frameworks */ = {isa = PBXBuildFile; productRef = 5FA34AC32C2208D60072D32D /* FirebaseFirestore */; };
		5FA34AC62C2208D60072D32D /* FirebaseFirestoreSwift in Frameworks */ = {isa = PBXBuildFile; productRef = 5FA34AC52C2208D60072D32D /* FirebaseFirestoreSwift */; };
		5FA34AC82C220B2D0072D32D /* GoogleService-Info.plist in Resources */ = {isa = PBXBuildFile; fileRef = 5FA34AC72C220B2D0072D32D /* GoogleService-Info.plist */; };
		5FA34ACE2C220EE70072D32D /* ProfileView.swift in Sources */ = {isa = PBXBuildFile; fileRef = 5FA34ACD2C220EE70072D32D /* ProfileView.swift */; };
		5FA34AD02C220F120072D32D /* ToDoListView.swift in Sources */ = {isa = PBXBuildFile; fileRef = 5FA34ACF2C220F120072D32D /* ToDoListView.swift */; };
		5FA34AD22C220F300072D32D /* NewItemView.swift in Sources */ = {isa = PBXBuildFile; fileRef = 5FA34AD12C220F300072D32D /* NewItemView.swift */; };
		5FA34AD42C220F470072D32D /* LoginView.swift in Sources */ = {isa = PBXBuildFile; fileRef = 5FA34AD32C220F470072D32D /* LoginView.swift */; };
		5FA34AD62C220F5E0072D32D /* RegisterView.swift in Sources */ = {isa = PBXBuildFile; fileRef = 5FA34AD52C220F5E0072D32D /* RegisterView.swift */; };
		5FA34AD82C220FA50072D32D /* ToDoListItemView.swift in Sources */ = {isa = PBXBuildFile; fileRef = 5FA34AD72C220FA50072D32D /* ToDoListItemView.swift */; };
		5FA34ADA2C220FF00072D32D /* User.swift in Sources */ = {isa = PBXBuildFile; fileRef = 5FA34AD92C220FF00072D32D /* User.swift */; };
		5FA34ADC2C220FFA0072D32D /* ToDoListItem.swift in Sources */ = {isa = PBXBuildFile; fileRef = 5FA34ADB2C220FFA0072D32D /* ToDoListItem.swift */; };
		5FA34ADE2C22106C0072D32D /* MainViewViewModel.swift in Sources */ = {isa = PBXBuildFile; fileRef = 5FA34ADD2C22106C0072D32D /* MainViewViewModel.swift */; };
		5FA34AE02C2210780072D32D /* ToDoListItemViewViewModel.swift in Sources */ = {isa = PBXBuildFile; fileRef = 5FA34ADF2C2210780072D32D /* ToDoListItemViewViewModel.swift */; };
		5FA34AE22C2210820072D32D /* ProfileViewViewModel.swift in Sources */ = {isa = PBXBuildFile; fileRef = 5FA34AE12C2210820072D32D /* ProfileViewViewModel.swift */; };
		5FA34AE42C22108E0072D32D /* LoginViewViewModel.swift in Sources */ = {isa = PBXBuildFile; fileRef = 5FA34AE32C22108E0072D32D /* LoginViewViewModel.swift */; };
		5FA34AE62C22109C0072D32D /* RegisterViewViewModel.swift in Sources */ = {isa = PBXBuildFile; fileRef = 5FA34AE52C22109C0072D32D /* RegisterViewViewModel.swift */; };
		5FA34AE82C2210AB0072D32D /* ToDoListViewViewModel.swift in Sources */ = {isa = PBXBuildFile; fileRef = 5FA34AE72C2210AB0072D32D /* ToDoListViewViewModel.swift */; };
		5FA34AEA2C2210B80072D32D /* NewItemViewViewModel.swift in Sources */ = {isa = PBXBuildFile; fileRef = 5FA34AE92C2210B80072D32D /* NewItemViewViewModel.swift */; };
		5FA34AEC2C2217210072D32D /* HeaderView.swift in Sources */ = {isa = PBXBuildFile; fileRef = 5FA34AEB2C2217210072D32D /* HeaderView.swift */; };
/* End PBXBuildFile section */

/* Begin PBXFileReference section */
		5FA34AAF2C2205AF0072D32D /* ToDoList.app */ = {isa = PBXFileReference; explicitFileType = wrapper.application; includeInIndex = 0; path = ToDoList.app; sourceTree = BUILT_PRODUCTS_DIR; };
		5FA34AB22C2205AF0072D32D /* ToDoListApp.swift */ = {isa = PBXFileReference; lastKnownFileType = sourcecode.swift; path = ToDoListApp.swift; sourceTree = "<group>"; };
		5FA34AB42C2205AF0072D32D /* MainView.swift */ = {isa = PBXFileReference; lastKnownFileType = sourcecode.swift; path = MainView.swift; sourceTree = "<group>"; };
		5FA34AB62C2205AF0072D32D /* Assets.xcassets */ = {isa = PBXFileReference; lastKnownFileType = folder.assetcatalog; path = Assets.xcassets; sourceTree = "<group>"; };
		5FA34AB92C2205AF0072D32D /* Preview Assets.xcassets */ = {isa = PBXFileReference; lastKnownFileType = folder.assetcatalog; path = "Preview Assets.xcassets"; sourceTree = "<group>"; };
		5FA34AC72C220B2D0072D32D /* GoogleService-Info.plist */ = {isa = PBXFileReference; fileEncoding = 4; lastKnownFileType = text.plist.xml; path = "GoogleService-Info.plist"; sourceTree = "<group>"; };
		5FA34ACD2C220EE70072D32D /* ProfileView.swift */ = {isa = PBXFileReference; lastKnownFileType = sourcecode.swift; path = ProfileView.swift; sourceTree = "<group>"; };
		5FA34ACF2C220F120072D32D /* ToDoListView.swift */ = {isa = PBXFileReference; lastKnownFileType = sourcecode.swift; path = ToDoListView.swift; sourceTree = "<group>"; };
		5FA34AD12C220F300072D32D /* NewItemView.swift */ = {isa = PBXFileReference; lastKnownFileType = sourcecode.swift; path = NewItemView.swift; sourceTree = "<group>"; };
		5FA34AD32C220F470072D32D /* LoginView.swift */ = {isa = PBXFileReference; lastKnownFileType = sourcecode.swift; path = LoginView.swift; sourceTree = "<group>"; };
		5FA34AD52C220F5E0072D32D /* RegisterView.swift */ = {isa = PBXFileReference; lastKnownFileType = sourcecode.swift; path = RegisterView.swift; sourceTree = "<group>"; };
		5FA34AD72C220FA50072D32D /* ToDoListItemView.swift */ = {isa = PBXFileReference; lastKnownFileType = sourcecode.swift; path = ToDoListItemView.swift; sourceTree = "<group>"; };
		5FA34AD92C220FF00072D32D /* User.swift */ = {isa = PBXFileReference; lastKnownFileType = sourcecode.swift; path = User.swift; sourceTree = "<group>"; };
		5FA34ADB2C220FFA0072D32D /* ToDoListItem.swift */ = {isa = PBXFileReference; lastKnownFileType = sourcecode.swift; path = ToDoListItem.swift; sourceTree = "<group>"; };
		5FA34ADD2C22106C0072D32D /* MainViewViewModel.swift */ = {isa = PBXFileReference; lastKnownFileType = sourcecode.swift; path = MainViewViewModel.swift; sourceTree = "<group>"; };
		5FA34ADF2C2210780072D32D /* ToDoListItemViewViewModel.swift */ = {isa = PBXFileReference; lastKnownFileType = sourcecode.swift; path = ToDoListItemViewViewModel.swift; sourceTree = "<group>"; };
		5FA34AE12C2210820072D32D /* ProfileViewViewModel.swift */ = {isa = PBXFileReference; lastKnownFileType = sourcecode.swift; path = ProfileViewViewModel.swift; sourceTree = "<group>"; };
		5FA34AE32C22108E0072D32D /* LoginViewViewModel.swift */ = {isa = PBXFileReference; lastKnownFileType = sourcecode.swift; path = LoginViewViewModel.swift; sourceTree = "<group>"; };
		5FA34AE52C22109C0072D32D /* RegisterViewViewModel.swift */ = {isa = PBXFileReference; lastKnownFileType = sourcecode.swift; path = RegisterViewViewModel.swift; sourceTree = "<group>"; };
		5FA34AE72C2210AB0072D32D /* ToDoListViewViewModel.swift */ = {isa = PBXFileReference; lastKnownFileType = sourcecode.swift; path = ToDoListViewViewModel.swift; sourceTree = "<group>"; };
		5FA34AE92C2210B80072D32D /* NewItemViewViewModel.swift */ = {isa = PBXFileReference; lastKnownFileType = sourcecode.swift; path = NewItemViewViewModel.swift; sourceTree = "<group>"; };
		5FA34AEB2C2217210072D32D /* HeaderView.swift */ = {isa = PBXFileReference; lastKnownFileType = sourcecode.swift; path = HeaderView.swift; sourceTree = "<group>"; };
/* End PBXFileReference section */

/* Begin PBXFrameworksBuildPhase section */
		5FA34AAC2C2205AF0072D32D /* Frameworks */ = {
			isa = PBXFrameworksBuildPhase;
			buildActionMask = 2147483647;
			files = (
				5FA34AC22C2208D60072D32D /* FirebaseAuth in Frameworks */,
				5FA34AC42C2208D60072D32D /* FirebaseFirestore in Frameworks */,
				5FA34AC62C2208D60072D32D /* FirebaseFirestoreSwift in Frameworks */,
			);
			runOnlyForDeploymentPostprocessing = 0;
		};
/* End PBXFrameworksBuildPhase section */

/* Begin PBXGroup section */
		5FA34AA62C2205AE0072D32D = {
			isa = PBXGroup;
			children = (
				5FA34AB12C2205AF0072D32D /* ToDoList */,
				5FA34AB02C2205AF0072D32D /* Products */,
			);
			sourceTree = "<group>";
		};
		5FA34AB02C2205AF0072D32D /* Products */ = {
			isa = PBXGroup;
			children = (
				5FA34AAF2C2205AF0072D32D /* ToDoList.app */,
			);
			name = Products;
			sourceTree = "<group>";
		};
		5FA34AB12C2205AF0072D32D /* ToDoList */ = {
			isa = PBXGroup;
			children = (
				5FA34ACC2C220D650072D32D /* Other */,
				5FA34ACB2C220D420072D32D /* Models */,
				5FA34ACA2C220D150072D32D /* ViewModels */,
				5FA34AC92C220CF90072D32D /* Views */,
				5FA34AB82C2205AF0072D32D /* Preview Content */,
			);
			path = ToDoList;
			sourceTree = "<group>";
		};
		5FA34AB82C2205AF0072D32D /* Preview Content */ = {
			isa = PBXGroup;
			children = (
				5FA34AB92C2205AF0072D32D /* Preview Assets.xcassets */,
			);
			path = "Preview Content";
			sourceTree = "<group>";
		};
		5FA34AC92C220CF90072D32D /* Views */ = {
			isa = PBXGroup;
			children = (
				5FA34AB42C2205AF0072D32D /* MainView.swift */,
				5FA34AD72C220FA50072D32D /* ToDoListItemView.swift */,
				5FA34ACD2C220EE70072D32D /* ProfileView.swift */,
				5FA34AD32C220F470072D32D /* LoginView.swift */,
				5FA34AD52C220F5E0072D32D /* RegisterView.swift */,
				5FA34ACF2C220F120072D32D /* ToDoListView.swift */,
				5FA34AD12C220F300072D32D /* NewItemView.swift */,
				5FA34AEB2C2217210072D32D /* HeaderView.swift */,
			);
			path = Views;
			sourceTree = "<group>";
		};
		5FA34ACA2C220D150072D32D /* ViewModels */ = {
			isa = PBXGroup;
			children = (
				5FA34ADD2C22106C0072D32D /* MainViewViewModel.swift */,
				5FA34ADF2C2210780072D32D /* ToDoListItemViewViewModel.swift */,
				5FA34AE12C2210820072D32D /* ProfileViewViewModel.swift */,
				5FA34AE32C22108E0072D32D /* LoginViewViewModel.swift */,
				5FA34AE52C22109C0072D32D /* RegisterViewViewModel.swift */,
				5FA34AE72C2210AB0072D32D /* ToDoListViewViewModel.swift */,
				5FA34AE92C2210B80072D32D /* NewItemViewViewModel.swift */,
			);
			path = ViewModels;
			sourceTree = "<group>";
		};
		5FA34ACB2C220D420072D32D /* Models */ = {
			isa = PBXGroup;
			children = (
				5FA34AD92C220FF00072D32D /* User.swift */,
				5FA34ADB2C220FFA0072D32D /* ToDoListItem.swift */,
			);
			path = Models;
			sourceTree = "<group>";
		};
		5FA34ACC2C220D650072D32D /* Other */ = {
			isa = PBXGroup;
			children = (
				5FA34AB62C2205AF0072D32D /* Assets.xcassets */,
				5FA34AB22C2205AF0072D32D /* ToDoListApp.swift */,
				5FA34AC72C220B2D0072D32D /* GoogleService-Info.plist */,
			);
			path = Other;
			sourceTree = "<group>";
		};
/* End PBXGroup section */

/* Begin PBXNativeTarget section */
		5FA34AAE2C2205AF0072D32D /* ToDoList */ = {
			isa = PBXNativeTarget;
			buildConfigurationList = 5FA34ABD2C2205AF0072D32D /* Build configuration list for PBXNativeTarget "ToDoList" */;
			buildPhases = (
				5FA34AAB2C2205AF0072D32D /* Sources */,
				5FA34AAC2C2205AF0072D32D /* Frameworks */,
				5FA34AAD2C2205AF0072D32D /* Resources */,
			);
			buildRules = (
			);
			dependencies = (
			);
			name = ToDoList;
			packageProductDependencies = (
				5FA34AC12C2208D60072D32D /* FirebaseAuth */,
				5FA34AC32C2208D60072D32D /* FirebaseFirestore */,
				5FA34AC52C2208D60072D32D /* FirebaseFirestoreSwift */,
			);
			productName = ToDoList;
			productReference = 5FA34AAF2C2205AF0072D32D /* ToDoList.app */;
			productType = "com.apple.product-type.application";
		};
/* End PBXNativeTarget section */

/* Begin PBXProject section */
		5FA34AA72C2205AE0072D32D /* Project object */ = {
			isa = PBXProject;
			attributes = {
				BuildIndependentTargetsInParallel = 1;
				LastSwiftUpdateCheck = 1530;
				LastUpgradeCheck = 1530;
				TargetAttributes = {
					5FA34AAE2C2205AF0072D32D = {
						CreatedOnToolsVersion = 15.3;
					};
				};
			};
			buildConfigurationList = 5FA34AAA2C2205AE0072D32D /* Build configuration list for PBXProject "ToDoList" */;
			compatibilityVersion = "Xcode 14.0";
			developmentRegion = en;
			hasScannedForEncodings = 0;
			knownRegions = (
				en,
				Base,
			);
			mainGroup = 5FA34AA62C2205AE0072D32D;
			packageReferences = (
				5FA34AC02C2208D60072D32D /* XCRemoteSwiftPackageReference "firebase-ios-sdk" */,
			);
			productRefGroup = 5FA34AB02C2205AF0072D32D /* Products */;
			projectDirPath = "";
			projectRoot = "";
			targets = (
				5FA34AAE2C2205AF0072D32D /* ToDoList */,
			);
		};
/* End PBXProject section */

/* Begin PBXResourcesBuildPhase section */
		5FA34AAD2C2205AF0072D32D /* Resources */ = {
			isa = PBXResourcesBuildPhase;
			buildActionMask = 2147483647;
			files = (
				5FA34ABA2C2205AF0072D32D /* Preview Assets.xcassets in Resources */,
				5FA34AB72C2205AF0072D32D /* Assets.xcassets in Resources */,
				5FA34AC82C220B2D0072D32D /* GoogleService-Info.plist in Resources */,
			);
			runOnlyForDeploymentPostprocessing = 0;
		};
/* End PBXResourcesBuildPhase section */

/* Begin PBXSourcesBuildPhase section */
		5FA34AAB2C2205AF0072D32D /* Sources */ = {
			isa = PBXSourcesBuildPhase;
			buildActionMask = 2147483647;
			files = (
				5FA34AD42C220F470072D32D /* LoginView.swift in Sources */,
				5FA34AEC2C2217210072D32D /* HeaderView.swift in Sources */,
				5FA34AE42C22108E0072D32D /* LoginViewViewModel.swift in Sources */,
				5FA34AB52C2205AF0072D32D /* MainView.swift in Sources */,
				5FA34ADE2C22106C0072D32D /* MainViewViewModel.swift in Sources */,
				5FA34AE22C2210820072D32D /* ProfileViewViewModel.swift in Sources */,
				5FA34AE62C22109C0072D32D /* RegisterViewViewModel.swift in Sources */,
				5FA34AD02C220F120072D32D /* ToDoListView.swift in Sources */,
				5FA34AD62C220F5E0072D32D /* RegisterView.swift in Sources */,
				5FA34ACE2C220EE70072D32D /* ProfileView.swift in Sources */,
				5FA34ADA2C220FF00072D32D /* User.swift in Sources */,
				5FA34AEA2C2210B80072D32D /* NewItemViewViewModel.swift in Sources */,
				5FA34AD82C220FA50072D32D /* ToDoListItemView.swift in Sources */,
				5FA34AB32C2205AF0072D32D /* ToDoListApp.swift in Sources */,
				5FA34ADC2C220FFA0072D32D /* ToDoListItem.swift in Sources */,
				5FA34AE02C2210780072D32D /* ToDoListItemViewViewModel.swift in Sources */,
				5FA34AD22C220F300072D32D /* NewItemView.swift in Sources */,
				5FA34AE82C2210AB0072D32D /* ToDoListViewViewModel.swift in Sources */,
			);
			runOnlyForDeploymentPostprocessing = 0;
		};
/* End PBXSourcesBuildPhase section */

/* Begin XCBuildConfiguration section */
		5FA34ABB2C2205AF0072D32D /* Debug */ = {
			isa = XCBuildConfiguration;
			buildSettings = {
				ALWAYS_SEARCH_USER_PATHS = NO;
				ASSETCATALOG_COMPILER_GENERATE_SWIFT_ASSET_SYMBOL_EXTENSIONS = YES;
				CLANG_ANALYZER_NONNULL = YES;
				CLANG_ANALYZER_NUMBER_OBJECT_CONVERSION = YES_AGGRESSIVE;
				CLANG_CXX_LANGUAGE_STANDARD = "gnu++20";
				CLANG_ENABLE_MODULES = YES;
				CLANG_ENABLE_OBJC_ARC = YES;
				CLANG_ENABLE_OBJC_WEAK = YES;
				CLANG_WARN_BLOCK_CAPTURE_AUTORELEASING = YES;
				CLANG_WARN_BOOL_CONVERSION = YES;
				CLANG_WARN_COMMA = YES;
				CLANG_WARN_CONSTANT_CONVERSION = YES;
				CLANG_WARN_DEPRECATED_OBJC_IMPLEMENTATIONS = YES;
				CLANG_WARN_DIRECT_OBJC_ISA_USAGE = YES_ERROR;
				CLANG_WARN_DOCUMENTATION_COMMENTS = YES;
				CLANG_WARN_EMPTY_BODY = YES;
				CLANG_WARN_ENUM_CONVERSION = YES;
				CLANG_WARN_INFINITE_RECURSION = YES;
				CLANG_WARN_INT_CONVERSION = YES;
				CLANG_WARN_NON_LITERAL_NULL_CONVERSION = YES;
				CLANG_WARN_OBJC_IMPLICIT_RETAIN_SELF = YES;
				CLANG_WARN_OBJC_LITERAL_CONVERSION = YES;
				CLANG_WARN_OBJC_ROOT_CLASS = YES_ERROR;
				CLANG_WARN_QUOTED_INCLUDE_IN_FRAMEWORK_HEADER = YES;
				CLANG_WARN_RANGE_LOOP_ANALYSIS = YES;
				CLANG_WARN_STRICT_PROTOTYPES = YES;
				CLANG_WARN_SUSPICIOUS_MOVE = YES;
				CLANG_WARN_UNGUARDED_AVAILABILITY = YES_AGGRESSIVE;
				CLANG_WARN_UNREACHABLE_CODE = YES;
				CLANG_WARN__DUPLICATE_METHOD_MATCH = YES;
				COPY_PHASE_STRIP = NO;
				DEBUG_INFORMATION_FORMAT = dwarf;
				ENABLE_STRICT_OBJC_MSGSEND = YES;
				ENABLE_TESTABILITY = YES;
				ENABLE_USER_SCRIPT_SANDBOXING = YES;
				GCC_C_LANGUAGE_STANDARD = gnu17;
				GCC_DYNAMIC_NO_PIC = NO;
				GCC_NO_COMMON_BLOCKS = YES;
				GCC_OPTIMIZATION_LEVEL = 0;
				GCC_PREPROCESSOR_DEFINITIONS = (
					"DEBUG=1",
					"$(inherited)",
				);
				GCC_WARN_64_TO_32_BIT_CONVERSION = YES;
				GCC_WARN_ABOUT_RETURN_TYPE = YES_ERROR;
				GCC_WARN_UNDECLARED_SELECTOR = YES;
				GCC_WARN_UNINITIALIZED_AUTOS = YES_AGGRESSIVE;
				GCC_WARN_UNUSED_FUNCTION = YES;
				GCC_WARN_UNUSED_VARIABLE = YES;
				IPHONEOS_DEPLOYMENT_TARGET = 17.4;
				LOCALIZATION_PREFERS_STRING_CATALOGS = YES;
				MTL_ENABLE_DEBUG_INFO = INCLUDE_SOURCE;
				MTL_FAST_MATH = YES;
				ONLY_ACTIVE_ARCH = YES;
				SDKROOT = iphoneos;
				SWIFT_ACTIVE_COMPILATION_CONDITIONS = "DEBUG $(inherited)";
				SWIFT_OPTIMIZATION_LEVEL = "-Onone";
			};
			name = Debug;
		};
		5FA34ABC2C2205AF0072D32D /* Release */ = {
			isa = XCBuildConfiguration;
			buildSettings = {
				ALWAYS_SEARCH_USER_PATHS = NO;
				ASSETCATALOG_COMPILER_GENERATE_SWIFT_ASSET_SYMBOL_EXTENSIONS = YES;
				CLANG_ANALYZER_NONNULL = YES;
				CLANG_ANALYZER_NUMBER_OBJECT_CONVERSION = YES_AGGRESSIVE;
				CLANG_CXX_LANGUAGE_STANDARD = "gnu++20";
				CLANG_ENABLE_MODULES = YES;
				CLANG_ENABLE_OBJC_ARC = YES;
				CLANG_ENABLE_OBJC_WEAK = YES;
				CLANG_WARN_BLOCK_CAPTURE_AUTORELEASING = YES;
				CLANG_WARN_BOOL_CONVERSION = YES;
				CLANG_WARN_COMMA = YES;
				CLANG_WARN_CONSTANT_CONVERSION = YES;
				CLANG_WARN_DEPRECATED_OBJC_IMPLEMENTATIONS = YES;
				CLANG_WARN_DIRECT_OBJC_ISA_USAGE = YES_ERROR;
				CLANG_WARN_DOCUMENTATION_COMMENTS = YES;
				CLANG_WARN_EMPTY_BODY = YES;
				CLANG_WARN_ENUM_CONVERSION = YES;
				CLANG_WARN_INFINITE_RECURSION = YES;
				CLANG_WARN_INT_CONVERSION = YES;
				CLANG_WARN_NON_LITERAL_NULL_CONVERSION = YES;
				CLANG_WARN_OBJC_IMPLICIT_RETAIN_SELF = YES;
				CLANG_WARN_OBJC_LITERAL_CONVERSION = YES;
				CLANG_WARN_OBJC_ROOT_CLASS = YES_ERROR;
				CLANG_WARN_QUOTED_INCLUDE_IN_FRAMEWORK_HEADER = YES;
				CLANG_WARN_RANGE_LOOP_ANALYSIS = YES;
				CLANG_WARN_STRICT_PROTOTYPES = YES;
				CLANG_WARN_SUSPICIOUS_MOVE = YES;
				CLANG_WARN_UNGUARDED_AVAILABILITY = YES_AGGRESSIVE;
				CLANG_WARN_UNREACHABLE_CODE = YES;
				CLANG_WARN__DUPLICATE_METHOD_MATCH = YES;
				COPY_PHASE_STRIP = NO;
				DEBUG_INFORMATION_FORMAT = "dwarf-with-dsym";
				ENABLE_NS_ASSERTIONS = NO;
				ENABLE_STRICT_OBJC_MSGSEND = YES;
				ENABLE_USER_SCRIPT_SANDBOXING = YES;
				GCC_C_LANGUAGE_STANDARD = gnu17;
				GCC_NO_COMMON_BLOCKS = YES;
				GCC_WARN_64_TO_32_BIT_CONVERSION = YES;
				GCC_WARN_ABOUT_RETURN_TYPE = YES_ERROR;
				GCC_WARN_UNDECLARED_SELECTOR = YES;
				GCC_WARN_UNINITIALIZED_AUTOS = YES_AGGRESSIVE;
				GCC_WARN_UNUSED_FUNCTION = YES;
				GCC_WARN_UNUSED_VARIABLE = YES;
				IPHONEOS_DEPLOYMENT_TARGET = 17.4;
				LOCALIZATION_PREFERS_STRING_CATALOGS = YES;
				MTL_ENABLE_DEBUG_INFO = NO;
				MTL_FAST_MATH = YES;
				SDKROOT = iphoneos;
				SWIFT_COMPILATION_MODE = wholemodule;
				VALIDATE_PRODUCT = YES;
			};
			name = Release;
		};
		5FA34ABE2C2205AF0072D32D /* Debug */ = {
			isa = XCBuildConfiguration;
			buildSettings = {
				ASSETCATALOG_COMPILER_APPICON_NAME = AppIcon;
				ASSETCATALOG_COMPILER_GLOBAL_ACCENT_COLOR_NAME = AccentColor;
				CODE_SIGN_STYLE = Automatic;
				CURRENT_PROJECT_VERSION = 1;
				DEVELOPMENT_ASSET_PATHS = "\"ToDoList/Preview Content\"";
				ENABLE_PREVIEWS = YES;
				GENERATE_INFOPLIST_FILE = YES;
				INFOPLIST_KEY_UIApplicationSceneManifest_Generation = YES;
				INFOPLIST_KEY_UIApplicationSupportsIndirectInputEvents = YES;
				INFOPLIST_KEY_UILaunchScreen_Generation = YES;
				INFOPLIST_KEY_UISupportedInterfaceOrientations = UIInterfaceOrientationPortrait;
				LD_RUNPATH_SEARCH_PATHS = (
					"$(inherited)",
					"@executable_path/Frameworks",
				);
				MARKETING_VERSION = 1.0;
				PRODUCT_BUNDLE_IDENTIFIER = com.aashraybavisa.ToDoList;
				PRODUCT_NAME = "$(TARGET_NAME)";
				SWIFT_EMIT_LOC_STRINGS = YES;
				SWIFT_VERSION = 5.0;
				TARGETED_DEVICE_FAMILY = "1,2";
			};
			name = Debug;
		};
		5FA34ABF2C2205AF0072D32D /* Release */ = {
			isa = XCBuildConfiguration;
			buildSettings = {
				ASSETCATALOG_COMPILER_APPICON_NAME = AppIcon;
				ASSETCATALOG_COMPILER_GLOBAL_ACCENT_COLOR_NAME = AccentColor;
				CODE_SIGN_STYLE = Automatic;
				CURRENT_PROJECT_VERSION = 1;
				DEVELOPMENT_ASSET_PATHS = "\"ToDoList/Preview Content\"";
				ENABLE_PREVIEWS = YES;
				GENERATE_INFOPLIST_FILE = YES;
				INFOPLIST_KEY_UIApplicationSceneManifest_Generation = YES;
				INFOPLIST_KEY_UIApplicationSupportsIndirectInputEvents = YES;
				INFOPLIST_KEY_UILaunchScreen_Generation = YES;
				INFOPLIST_KEY_UISupportedInterfaceOrientations = UIInterfaceOrientationPortrait;
				LD_RUNPATH_SEARCH_PATHS = (
					"$(inherited)",
					"@executable_path/Frameworks",
				);
				MARKETING_VERSION = 1.0;
				PRODUCT_BUNDLE_IDENTIFIER = com.aashraybavisa.ToDoList;
				PRODUCT_NAME = "$(TARGET_NAME)";
				SWIFT_EMIT_LOC_STRINGS = YES;
				SWIFT_VERSION = 5.0;
				TARGETED_DEVICE_FAMILY = "1,2";
			};
			name = Release;
		};
/* End XCBuildConfiguration section */

/* Begin XCConfigurationList section */
		5FA34AAA2C2205AE0072D32D /* Build configuration list for PBXProject "ToDoList" */ = {
			isa = XCConfigurationList;
			buildConfigurations = (
				5FA34ABB2C2205AF0072D32D /* Debug */,
				5FA34ABC2C2205AF0072D32D /* Release */,
			);
			defaultConfigurationIsVisible = 0;
			defaultConfigurationName = Release;
		};
		5FA34ABD2C2205AF0072D32D /* Build configuration list for PBXNativeTarget "ToDoList" */ = {
			isa = XCConfigurationList;
			buildConfigurations = (
				5FA34ABE2C2205AF0072D32D /* Debug */,
				5FA34ABF2C2205AF0072D32D /* Release */,
			);
			defaultConfigurationIsVisible = 0;
			defaultConfigurationName = Release;
		};
/* End XCConfigurationList section */

/* Begin XCRemoteSwiftPackageReference section */
		5FA34AC02C2208D60072D32D /* XCRemoteSwiftPackageReference "firebase-ios-sdk" */ = {
			isa = XCRemoteSwiftPackageReference;
			repositoryURL = "https://github.com/firebase/firebase-ios-sdk";
			requirement = {
				kind = upToNextMajorVersion;
				minimumVersion = 10.28.0;
			};
		};
/* End XCRemoteSwiftPackageReference section */

/* Begin XCSwiftPackageProductDependency section */
		5FA34AC12C2208D60072D32D /* FirebaseAuth */ = {
			isa = XCSwiftPackageProductDependency;
			package = 5FA34AC02C2208D60072D32D /* XCRemoteSwiftPackageReference "firebase-ios-sdk" */;
			productName = FirebaseAuth;
		};
		5FA34AC32C2208D60072D32D /* FirebaseFirestore */ = {
			isa = XCSwiftPackageProductDependency;
			package = 5FA34AC02C2208D60072D32D /* XCRemoteSwiftPackageReference "firebase-ios-sdk" */;
			productName = FirebaseFirestore;
		};
		5FA34AC52C2208D60072D32D /* FirebaseFirestoreSwift */ = {
			isa = XCSwiftPackageProductDependency;
			package = 5FA34AC02C2208D60072D32D /* XCRemoteSwiftPackageReference "firebase-ios-sdk" */;
			productName = FirebaseFirestoreSwift;
		};
/* End XCSwiftPackageProductDependency section */
	};
	rootObject = 5FA34AA72C2205AE0072D32D /* Project object */;
}
